
Microsoft Visual Studio Solution File, Format Version 12.00
# Visual Studio Version 17
VisualStudioVersion = 17.6.33829.357
MinimumVisualStudioVersion = 10.0.40219.1
Project("{FAE04EC0-301F-11D3-BF4B-00C04F79EFBC}") = "login ui", "login ui.csproj", "{4D4573DA-7418-4996-A5AA-EB379A2D816D}"
EndProject
Global
	GlobalSection(SolutionConfigurationPlatforms) = preSolution
		Debug|Any CPU = Debug|Any CPU
		Release|Any CPU = Release|Any CPU
	EndGlobalSection
	GlobalSection(ProjectConfigurationPlatforms) = postSolution
		{4D4573DA-7418-4996-A5AA-EB379A2D816D}.Debug|Any CPU.ActiveCfg = Debug|Any CPU
		{4D4573DA-7418-4996-A5AA-EB379A2D816D}.Debug|Any CPU.Build.0 = Debug|Any CPU
		{4D4573DA-7418-4996-A5AA-EB379A2D816D}.Release|Any CPU.ActiveCfg = Release|Any CPU
		{4D4573DA-7418-4996-A5AA-EB379A2D816D}.Release|Any CPU.Build.0 = Release|Any CPU
	EndGlobalSection
	GlobalSection(SolutionProperties) = preSolution
		HideSolutionNode = FALSE
	EndGlobalSection
	GlobalSection(ExtensibilityGlobals) = postSolution
		SolutionGuid = {7F791F5B-8C88-4DE1-A205-ADF949916E42}
	EndGlobalSection
EndGlobal
